
Microsoft Visual Studio Solution File, Format Version 11.00
# Visual Studio 2010
Project("{FAE04EC0-301F-11D3-BF4B-00C04F79EFBC}") = "UnityEngine.TestRunner", "UnityEngine.TestRunner.csproj", "{9CD9CDA0-8D81-477C-A8C8-FEA2C9D38FBA}"
EndProject
Project("{FAE04EC0-301F-11D3-BF4B-00C04F79EFBC}") = "UnityEngine.UI", "UnityEngine.UI.csproj", "{101FC173-6F42-28E0-4BEA-947B634FF26B}"
EndProject
Project("{FAE04EC0-301F-11D3-BF4B-00C04F79EFBC}") = "Unity.TextMeshPro", "Unity.TextMeshPro.csproj", "{2D931A3F-22ED-2052-B5F0-7CD14D2C333C}"
EndProject
Project("{FAE04EC0-301F-11D3-BF4B-00C04F79EFBC}") = "Unity.Timeline", "Unity.Timeline.csproj", "{A0CF3502-BF3F-95D4-29F2-D060820367F0}"
EndProject
Project("{FAE04EC0-301F-11D3-BF4B-00C04F79EFBC}") = "Cinemachine", "Cinemachine.csproj", "{FAD1A870-78F9-4993-EB28-0FA0DED914A2}"
EndProject
Project("{FAE04EC0-301F-11D3-BF4B-00C04F79EFBC}") = "Assembly-CSharp", "Assembly-CSharp.csproj", "{73F39681-6FA3-F19C-C611-FFFDEF6ADD1D}"
EndProject
Project("{FAE04EC0-301F-11D3-BF4B-00C04F79EFBC}") = "Unity.TextMeshPro.Editor", "Unity.TextMeshPro.Editor.csproj", "{CFB3F5E8-B113-59D7-AD13-0AC4E11FFBF2}"
EndProject
Project("{FAE04EC0-301F-11D3-BF4B-00C04F79EFBC}") = "Unity.Timeline.Editor", "Unity.Timeline.Editor.csproj", "{E2307B1D-153D-1565-42C8-DCA5CC1EB948}"
EndProject
Project("{FAE04EC0-301F-11D3-BF4B-00C04F79EFBC}") = "UnityEditor.TestRunner", "UnityEditor.TestRunner.csproj", "{5EA518BA-F75E-B7A4-D794-5A16DAF21EFE}"
EndProject
Project("{FAE04EC0-301F-11D3-BF4B-00C04F79EFBC}") = "com.unity.cinemachine.editor", "com.unity.cinemachine.editor.csproj", "{93B170F1-ADDA-6983-0A7C-63A6C1A54213}"
EndProject
Project("{FAE04EC0-301F-11D3-BF4B-00C04F79EFBC}") = "UnityEditor.UI", "UnityEditor.UI.csproj", "{366E1B6A-B737-C339-F745-C933D0DF6AB4}"
EndProject
Project("{FAE04EC0-301F-11D3-BF4B-00C04F79EFBC}") = "Unity.Rider.Editor", "Unity.Rider.Editor.csproj", "{9E290DEF-F9B6-C0AC-EAC9-B732B8057D79}"
EndProject
Project("{FAE04EC0-301F-11D3-BF4B-00C04F79EFBC}") = "Unity.CollabProxy.Editor", "Unity.CollabProxy.Editor.csproj", "{D1B695AD-0B61-E01F-743A-82EBCBDC757D}"
EndProject
Project("{FAE04EC0-301F-11D3-BF4B-00C04F79EFBC}") = "Unity.VSCode.Editor", "Unity.VSCode.Editor.csproj", "{725EA1A1-CFF0-6059-424C-59D09523D565}"
EndProject
Global
	GlobalSection(SolutionConfigurationPlatforms) = preSolution
		Debug|Any CPU = Debug|Any CPU
		Release|Any CPU = Release|Any CPU
	EndGlobalSection
	GlobalSection(ProjectConfigurationPlatforms) = postSolution
		{9CD9CDA0-8D81-477C-A8C8-FEA2C9D38FBA}.Debug|Any CPU.ActiveCfg = Debug|Any CPU
		{9CD9CDA0-8D81-477C-A8C8-FEA2C9D38FBA}.Debug|Any CPU.Build.0 = Debug|Any CPU
		{9CD9CDA0-8D81-477C-A8C8-FEA2C9D38FBA}.Release|Any CPU.ActiveCfg = Release|Any CPU
		{9CD9CDA0-8D81-477C-A8C8-FEA2C9D38FBA}.Release|Any CPU.Build.0 = Release|Any CPU
		{101FC173-6F42-28E0-4BEA-947B634FF26B}.Debug|Any CPU.ActiveCfg = Debug|Any CPU
		{101FC173-6F42-28E0-4BEA-947B634FF26B}.Debug|Any CPU.Build.0 = Debug|Any CPU
		{101FC173-6F42-28E0-4BEA-947B634FF26B}.Release|Any CPU.ActiveCfg = Release|Any CPU
		{101FC173-6F42-28E0-4BEA-947B634FF26B}.Release|Any CPU.Build.0 = Release|Any CPU
		{2D931A3F-22ED-2052-B5F0-7CD14D2C333C}.Debug|Any CPU.ActiveCfg = Debug|Any CPU
		{2D931A3F-22ED-2052-B5F0-7CD14D2C333C}.Debug|Any CPU.Build.0 = Debug|Any CPU
		{2D931A3F-22ED-2052-B5F0-7CD14D2C333C}.Release|Any CPU.ActiveCfg = Release|Any CPU
		{2D931A3F-22ED-2052-B5F0-7CD14D2C333C}.Release|Any CPU.Build.0 = Release|Any CPU
		{A0CF3502-BF3F-95D4-29F2-D060820367F0}.Debug|Any CPU.ActiveCfg = Debug|Any CPU
		{A0CF3502-BF3F-95D4-29F2-D060820367F0}.Debug|Any CPU.Build.0 = Debug|Any CPU
		{A0CF3502-BF3F-95D4-29F2-D060820367F0}.Release|Any CPU.ActiveCfg = Release|Any CPU
		{A0CF3502-BF3F-95D4-29F2-D060820367F0}.Release|Any CPU.Build.0 = Release|Any CPU
		{FAD1A870-78F9-4993-EB28-0FA0DED914A2}.Debug|Any CPU.ActiveCfg = Debug|Any CPU
		{FAD1A870-78F9-4993-EB28-0FA0DED914A2}.Debug|Any CPU.Build.0 = Debug|Any CPU
		{FAD1A870-78F9-4993-EB28-0FA0DED914A2}.Release|Any CPU.ActiveCfg = Release|Any CPU
		{FAD1A870-78F9-4993-EB28-0FA0DED914A2}.Release|Any CPU.Build.0 = Release|Any CPU
		{73F39681-6FA3-F19C-C611-FFFDEF6ADD1D}.Debug|Any CPU.ActiveCfg = Debug|Any CPU
		{73F39681-6FA3-F19C-C611-FFFDEF6ADD1D}.Debug|Any CPU.Build.0 = Debug|Any CPU
		{73F39681-6FA3-F19C-C611-FFFDEF6ADD1D}.Release|Any CPU.ActiveCfg = Release|Any CPU
		{73F39681-6FA3-F19C-C611-FFFDEF6ADD1D}.Release|Any CPU.Build.0 = Release|Any CPU
		{CFB3F5E8-B113-59D7-AD13-0AC4E11FFBF2}.Debug|Any CPU.ActiveCfg = Debug|Any CPU
		{CFB3F5E8-B113-59D7-AD13-0AC4E11FFBF2}.Debug|Any CPU.Build.0 = Debug|Any CPU
		{CFB3F5E8-B113-59D7-AD13-0AC4E11FFBF2}.Release|Any CPU.ActiveCfg = Release|Any CPU
		{CFB3F5E8-B113-59D7-AD13-0AC4E11FFBF2}.Release|Any CPU.Build.0 = Release|Any CPU
		{E2307B1D-153D-1565-42C8-DCA5CC1EB948}.Debug|Any CPU.ActiveCfg = Debug|Any CPU
		{E2307B1D-153D-1565-42C8-DCA5CC1EB948}.Debug|Any CPU.Build.0 = Debug|Any CPU
		{E2307B1D-153D-1565-42C8-DCA5CC1EB948}.Release|Any CPU.ActiveCfg = Release|Any CPU
		{E2307B1D-153D-1565-42C8-DCA5CC1EB948}.Release|Any CPU.Build.0 = Release|Any CPU
		{5EA518BA-F75E-B7A4-D794-5A16DAF21EFE}.Debug|Any CPU.ActiveCfg = Debug|Any CPU
		{5EA518BA-F75E-B7A4-D794-5A16DAF21EFE}.Debug|Any CPU.Build.0 = Debug|Any CPU
		{5EA518BA-F75E-B7A4-D794-5A16DAF21EFE}.Release|Any CPU.ActiveCfg = Release|Any CPU
		{5EA518BA-F75E-B7A4-D794-5A16DAF21EFE}.Release|Any CPU.Build.0 = Release|Any CPU
		{93B170F1-ADDA-6983-0A7C-63A6C1A54213}.Debug|Any CPU.ActiveCfg = Debug|Any CPU
		{93B170F1-ADDA-6983-0A7C-63A6C1A54213}.Debug|Any CPU.Build.0 = Debug|Any CPU
		{93B170F1-ADDA-6983-0A7C-63A6C1A54213}.Release|Any CPU.ActiveCfg = Release|Any CPU
		{93B170F1-ADDA-6983-0A7C-63A6C1A54213}.Release|Any CPU.Build.0 = Release|Any CPU
		{366E1B6A-B737-C339-F745-C933D0DF6AB4}.Debug|Any CPU.ActiveCfg = Debug|Any CPU
		{366E1B6A-B737-C339-F745-C933D0DF6AB4}.Debug|Any CPU.Build.0 = Debug|Any CPU
		{366E1B6A-B737-C339-F745-C933D0DF6AB4}.Release|Any CPU.ActiveCfg = Release|Any CPU
		{366E1B6A-B737-C339-F745-C933D0DF6AB4}.Release|Any CPU.Build.0 = Release|Any CPU
		{9E290DEF-F9B6-C0AC-EAC9-B732B8057D79}.Debug|Any CPU.ActiveCfg = Debug|Any CPU
		{9E290DEF-F9B6-C0AC-EAC9-B732B8057D79}.Debug|Any CPU.Build.0 = Debug|Any CPU
		{9E290DEF-F9B6-C0AC-EAC9-B732B8057D79}.Release|Any CPU.ActiveCfg = Release|Any CPU
		{9E290DEF-F9B6-C0AC-EAC9-B732B8057D79}.Release|Any CPU.Build.0 = Release|Any CPU
		{D1B695AD-0B61-E01F-743A-82EBCBDC757D}.Debug|Any CPU.ActiveCfg = Debug|Any CPU
		{D1B695AD-0B61-E01F-743A-82EBCBDC757D}.Debug|Any CPU.Build.0 = Debug|Any CPU
		{D1B695AD-0B61-E01F-743A-82EBCBDC757D}.Release|Any CPU.ActiveCfg = Release|Any CPU
		{D1B695AD-0B61-E01F-743A-82EBCBDC757D}.Release|Any CPU.Build.0 = Release|Any CPU
		{725EA1A1-CFF0-6059-424C-59D09523D565}.Debug|Any CPU.ActiveCfg = Debug|Any CPU
		{725EA1A1-CFF0-6059-424C-59D09523D565}.Debug|Any CPU.Build.0 = Debug|Any CPU
		{725EA1A1-CFF0-6059-424C-59D09523D565}.Release|Any CPU.ActiveCfg = Release|Any CPU
		{725EA1A1-CFF0-6059-424C-59D09523D565}.Release|Any CPU.Build.0 = Release|Any CPU
	EndGlobalSection
	GlobalSection(SolutionProperties) = preSolution
		HideSolutionNode = FALSE
	EndGlobalSection
EndGlobal
